// !$*UTF8*$!
{
	archiveVersion = 1;
	classes = {
	};
	objectVersion = 46;
	objects = {

/* Begin PBXBuildFile section */
		F43F5A461F0F67C000FAA775 /* FeatureButtonView.swift in Sources */ = {isa = PBXBuildFile; fileRef = F43F5A451F0F67C000FAA775 /* FeatureButtonView.swift */; };
		F43F5A481F0F841600FAA775 /* ColorUtil.swift in Sources */ = {isa = PBXBuildFile; fileRef = F43F5A471F0F841600FAA775 /* ColorUtil.swift */; };
		F43F5A4A1F0F921100FAA775 /* FeatureModel.swift in Sources */ = {isa = PBXBuildFile; fileRef = F43F5A491F0F921100FAA775 /* FeatureModel.swift */; };
		F4D929971F0E36E5008EFA02 /* AppDelegate.swift in Sources */ = {isa = PBXBuildFile; fileRef = F4D929961F0E36E5008EFA02 /* AppDelegate.swift */; };
		F4D929991F0E36E5008EFA02 /* ViewController.swift in Sources */ = {isa = PBXBuildFile; fileRef = F4D929981F0E36E5008EFA02 /* ViewController.swift */; };
		F4D9299C1F0E36E5008EFA02 /* Main.storyboard in Resources */ = {isa = PBXBuildFile; fileRef = F4D9299A1F0E36E5008EFA02 /* Main.storyboard */; };
		F4D9299E1F0E36E5008EFA02 /* Assets.xcassets in Resources */ = {isa = PBXBuildFile; fileRef = F4D9299D1F0E36E5008EFA02 /* Assets.xcassets */; };
		F4D929A11F0E36E5008EFA02 /* LaunchScreen.storyboard in Resources */ = {isa = PBXBuildFile; fileRef = F4D9299F1F0E36E5008EFA02 /* LaunchScreen.storyboard */; };
/* End PBXBuildFile section */

/* Begin PBXFileReference section */
		F43F5A451F0F67C000FAA775 /* FeatureButtonView.swift */ = {isa = PBXFileReference; fileEncoding = 4; lastKnownFileType = sourcecode.swift; path = FeatureButtonView.swift; sourceTree = "<group>"; };
		F43F5A471F0F841600FAA775 /* ColorUtil.swift */ = {isa = PBXFileReference; fileEncoding = 4; lastKnownFileType = sourcecode.swift; path = ColorUtil.swift; sourceTree = "<group>"; };
		F43F5A491F0F921100FAA775 /* FeatureModel.swift */ = {isa = PBXFileReference; fileEncoding = 4; lastKnownFileType = sourcecode.swift; path = FeatureModel.swift; sourceTree = "<group>"; };
		F4D929931F0E36E5008EFA02 /* CareDesignDemoApp.app */ = {isa = PBXFileReference; explicitFileType = wrapper.application; includeInIndex = 0; path = CareDesignDemoApp.app; sourceTree = BUILT_PRODUCTS_DIR; };
		F4D929961F0E36E5008EFA02 /* AppDelegate.swift */ = {isa = PBXFileReference; lastKnownFileType = sourcecode.swift; path = AppDelegate.swift; sourceTree = "<group>"; };
		F4D929981F0E36E5008EFA02 /* ViewController.swift */ = {isa = PBXFileReference; lastKnownFileType = sourcecode.swift; path = ViewController.swift; sourceTree = "<group>"; };
		F4D9299B1F0E36E5008EFA02 /* Base */ = {isa = PBXFileReference; lastKnownFileType = file.storyboard; name = Base; path = Base.lproj/Main.storyboard; sourceTree = "<group>"; };
		F4D9299D1F0E36E5008EFA02 /* Assets.xcassets */ = {isa = PBXFileReference; lastKnownFileType = folder.assetcatalog; path = Assets.xcassets; sourceTree = "<group>"; };
		F4D929A01F0E36E5008EFA02 /* Base */ = {isa = PBXFileReference; lastKnownFileType = file.storyboard; name = Base; path = Base.lproj/LaunchScreen.storyboard; sourceTree = "<group>"; };
		F4D929A21F0E36E5008EFA02 /* Info.plist */ = {isa = PBXFileReference; lastKnownFileType = text.plist.xml; path = Info.plist; sourceTree = "<group>"; };
/* End PBXFileReference section */

/* Begin PBXFrameworksBuildPhase section */
		F4D929901F0E36E5008EFA02 /* Frameworks */ = {
			isa = PBXFrameworksBuildPhase;
			buildActionMask = 2147483647;
			files = (
			);
			runOnlyForDeploymentPostprocessing = 0;
		};
/* End PBXFrameworksBuildPhase section */

/* Begin PBXGroup section */
		F4D9298A1F0E36E5008EFA02 = {
			isa = PBXGroup;
			children = (
				F4D929951F0E36E5008EFA02 /* CareDesignDemoApp */,
				F4D929941F0E36E5008EFA02 /* Products */,
			);
			sourceTree = "<group>";
		};
		F4D929941F0E36E5008EFA02 /* Products */ = {
			isa = PBXGroup;
			children = (
				F4D929931F0E36E5008EFA02 /* CareDesignDemoApp.app */,
			);
			name = Products;
			sourceTree = "<group>";
		};
		F4D929951F0E36E5008EFA02 /* CareDesignDemoApp */ = {
			isa = PBXGroup;
			children = (
				F4D929961F0E36E5008EFA02 /* AppDelegate.swift */,
				F4D929981F0E36E5008EFA02 /* ViewController.swift */,
				F4D9299A1F0E36E5008EFA02 /* Main.storyboard */,
				F4D9299D1F0E36E5008EFA02 /* Assets.xcassets */,
				F4D9299F1F0E36E5008EFA02 /* LaunchScreen.storyboard */,
				F4D929A21F0E36E5008EFA02 /* Info.plist */,
				F43F5A451F0F67C000FAA775 /* FeatureButtonView.swift */,
				F43F5A491F0F921100FAA775 /* FeatureModel.swift */,
				F43F5A471F0F841600FAA775 /* ColorUtil.swift */,
			);
			path = CareDesignDemoApp;
			sourceTree = "<group>";
		};
/* End PBXGroup section */

/* Begin PBXNativeTarget section */
		F4D929921F0E36E5008EFA02 /* CareDesignDemoApp */ = {
			isa = PBXNativeTarget;
			buildConfigurationList = F4D929A51F0E36E5008EFA02 /* Build configuration list for PBXNativeTarget "CareDesignDemoApp" */;
			buildPhases = (
				F4D9298F1F0E36E5008EFA02 /* Sources */,
				F4D929901F0E36E5008EFA02 /* Frameworks */,
				F4D929911F0E36E5008EFA02 /* Resources */,
			);
			buildRules = (
			);
			dependencies = (
			);
			name = CareDesignDemoApp;
			productName = CareDesignDemoApp;
			productReference = F4D929931F0E36E5008EFA02 /* CareDesignDemoApp.app */;
			productType = "com.apple.product-type.application";
		};
/* End PBXNativeTarget section */

/* Begin PBXProject section */
		F4D9298B1F0E36E5008EFA02 /* Project object */ = {
			isa = PBXProject;
			attributes = {
				LastSwiftUpdateCheck = 0820;
				LastUpgradeCheck = 0820;
				ORGANIZATIONNAME = Bigyo;
				TargetAttributes = {
					F4D929921F0E36E5008EFA02 = {
						CreatedOnToolsVersion = 8.2.1;
						DevelopmentTeam = KQZFZQ7XSQ;
						ProvisioningStyle = Automatic;
					};
				};
			};
			buildConfigurationList = F4D9298E1F0E36E5008EFA02 /* Build configuration list for PBXProject "CareDesignDemoApp" */;
			compatibilityVersion = "Xcode 3.2";
			developmentRegion = English;
			hasScannedForEncodings = 0;
			knownRegions = (
				en,
				Base,
			);
			mainGroup = F4D9298A1F0E36E5008EFA02;
			productRefGroup = F4D929941F0E36E5008EFA02 /* Products */;
			projectDirPath = "";
			projectRoot = "";
			targets = (
				F4D929921F0E36E5008EFA02 /* CareDesignDemoApp */,
			);
		};
/* End PBXProject section */

/* Begin PBXResourcesBuildPhase section */
		F4D929911F0E36E5008EFA02 /* Resources */ = {
			isa = PBXResourcesBuildPhase;
			buildActionMask = 2147483647;
			files = (
				F4D929A11F0E36E5008EFA02 /* LaunchScreen.storyboard in Resources */,
				F4D9299E1F0E36E5008EFA02 /* Assets.xcassets in Resources */,
				F4D9299C1F0E36E5008EFA02 /* Main.storyboard in Resources */,
			);
			runOnlyForDeploymentPostprocessing = 0;
		};
/* End PBXResourcesBuildPhase section */

/* Begin PBXSourcesBuildPhase section */
		F4D9298F1F0E36E5008EFA02 /* Sources */ = {
			isa = PBXSourcesBuildPhase;
			buildActionMask = 2147483647;
			files = (
				F4D929991F0E36E5008EFA02 /* ViewController.swift in Sources */,
				F4D929971F0E36E5008EFA02 /* AppDelegate.swift in Sources */,
				F43F5A461F0F67C000FAA775 /* FeatureButtonView.swift in Sources */,
				F43F5A4A1F0F921100FAA775 /* FeatureModel.swift in Sources */,
				F43F5A481F0F841600FAA775 /* ColorUtil.swift in Sources */,
			);
			runOnlyForDeploymentPostprocessing = 0;
		};
/* End PBXSourcesBuildPhase section */

/* Begin PBXVariantGroup section */
		F4D9299A1F0E36E5008EFA02 /* Main.storyboard */ = {
			isa = PBXVariantGroup;
			children = (
				F4D9299B1F0E36E5008EFA02 /* Base */,
			);
			name = Main.storyboard;
			sourceTree = "<group>";
		};
		F4D9299F1F0E36E5008EFA02 /* LaunchScreen.storyboard */ = {
			isa = PBXVariantGroup;
			children = (
				F4D929A01F0E36E5008EFA02 /* Base */,
			);
			name = LaunchScreen.storyboard;
			sourceTree = "<group>";
		};
/* End PBXVariantGroup section */

/* Begin XCBuildConfiguration section */
		F4D929A31F0E36E5008EFA02 /* Debug */ = {
			isa = XCBuildConfiguration;
			buildSettings = {
				ALWAYS_SEARCH_USER_PATHS = NO;
				CLANG_ANALYZER_NONNULL = YES;
				CLANG_CXX_LANGUAGE_STANDARD = "gnu++0x";
				CLANG_CXX_LIBRARY = "libc++";
				CLANG_ENABLE_MODULES = YES;
				CLANG_ENABLE_OBJC_ARC = YES;
				CLANG_WARN_BOOL_CONVERSION = YES;
				CLANG_WARN_CONSTANT_CONVERSION = YES;
				CLANG_WARN_DIRECT_OBJC_ISA_USAGE = YES_ERROR;
				CLANG_WARN_DOCUMENTATION_COMMENTS = YES;
				CLANG_WARN_EMPTY_BODY = YES;
				CLANG_WARN_ENUM_CONVERSION = YES;
				CLANG_WARN_INFINITE_RECURSION = YES;
				CLANG_WARN_INT_CONVERSION = YES;
				CLANG_WARN_OBJC_ROOT_CLASS = YES_ERROR;
				CLANG_WARN_SUSPICIOUS_MOVE = YES;
				CLANG_WARN_UNREACHABLE_CODE = YES;
				CLANG_WARN__DUPLICATE_METHOD_MATCH = YES;
				"CODE_SIGN_IDENTITY[sdk=iphoneos*]" = "iPhone Developer";
				COPY_PHASE_STRIP = NO;
				DEBUG_INFORMATION_FORMAT = dwarf;
				ENABLE_STRICT_OBJC_MSGSEND = YES;
				ENABLE_TESTABILITY = YES;
				GCC_C_LANGUAGE_STANDARD = gnu99;
				GCC_DYNAMIC_NO_PIC = NO;
				GCC_NO_COMMON_BLOCKS = YES;
				GCC_OPTIMIZATION_LEVEL = 0;
				GCC_PREPROCESSOR_DEFINITIONS = (
					"DEBUG=1",
					"$(inherited)",
				);
				GCC_WARN_64_TO_32_BIT_CONVERSION = YES;
				GCC_WARN_ABOUT_RETURN_TYPE = YES_ERROR;
				GCC_WARN_UNDECLARED_SELECTOR = YES;
				GCC_WARN_UNINITIALIZED_AUTOS = YES_AGGRESSIVE;
				GCC_WARN_UNUSED_FUNCTION = YES;
				GCC_WARN_UNUSED_VARIABLE = YES;
				IPHONEOS_DEPLOYMENT_TARGET = 10.2;
				MTL_ENABLE_DEBUG_INFO = YES;
				ONLY_ACTIVE_ARCH = YES;
				SDKROOT = iphoneos;
				SWIFT_ACTIVE_COMPILATION_CONDITIONS = DEBUG;
				SWIFT_OPTIMIZATION_LEVEL = "-Onone";
			};
			name = Debug;
		};
		F4D929A41F0E36E5008EFA02 /* Release */ = {
			isa = XCBuildConfiguration;
			buildSettings = {
				ALWAYS_SEARCH_USER_PATHS = NO;
				CLANG_ANALYZER_NONNULL = YES;
				CLANG_CXX_LANGUAGE_STANDARD = "gnu++0x";
				CLANG_CXX_LIBRARY = "libc++";
				CLANG_ENABLE_MODULES = YES;
				CLANG_ENABLE_OBJC_ARC = YES;
				CLANG_WARN_BOOL_CONVERSION = YES;
				CLANG_WARN_CONSTANT_CONVERSION = YES;
				CLANG_WARN_DIRECT_OBJC_ISA_USAGE = YES_ERROR;
				CLANG_WARN_DOCUMENTATION_COMMENTS = YES;
				CLANG_WARN_EMPTY_BODY = YES;
				CLANG_WARN_ENUM_CONVERSION = YES;
				CLANG_WARN_INFINITE_RECURSION = YES;
				CLANG_WARN_INT_CONVERSION = YES;
				CLANG_WARN_OBJC_ROOT_CLASS = YES_ERROR;
				CLANG_WARN_SUSPICIOUS_MOVE = YES;
				CLANG_WARN_UNREACHABLE_CODE = YES;
				CLANG_WARN__DUPLICATE_METHOD_MATCH = YES;
				"CODE_SIGN_IDENTITY[sdk=iphoneos*]" = "iPhone Developer";
				COPY_PHASE_STRIP = NO;
				DEBUG_INFORMATION_FORMAT = "dwarf-with-dsym";
				ENABLE_NS_ASSERTIONS = NO;
				ENABLE_STRICT_OBJC_MSGSEND = YES;
				GCC_C_LANGUAGE_STANDARD = gnu99;
				GCC_NO_COMMON_BLOCKS = YES;
				GCC_WARN_64_TO_32_BIT_CONVERSION = YES;
				GCC_WARN_ABOUT_RETURN_TYPE = YES_ERROR;
				GCC_WARN_UNDECLARED_SELECTOR = YES;
				GCC_WARN_UNINITIALIZED_AUTOS = YES_AGGRESSIVE;
				GCC_WARN_UNUSED_FUNCTION = YES;
				GCC_WARN_UNUSED_VARIABLE = YES;
				IPHONEOS_DEPLOYMENT_TARGET = 10.2;
				MTL_ENABLE_DEBUG_INFO = NO;
				SDKROOT = iphoneos;
				SWIFT_OPTIMIZATION_LEVEL = "-Owholemodule";
				VALIDATE_PRODUCT = YES;
			};
			name = Release;
		};
		F4D929A61F0E36E5008EFA02 /* Debug */ = {
			isa = XCBuildConfiguration;
			buildSettings = {
				ASSETCATALOG_COMPILER_APPICON_NAME = AppIcon;
				DEVELOPMENT_TEAM = KQZFZQ7XSQ;
				INFOPLIST_FILE = CareDesignDemoApp/Info.plist;
				LD_RUNPATH_SEARCH_PATHS = "$(inherited) @executable_path/Frameworks";
				PRODUCT_BUNDLE_IDENTIFIER = Bigyo.CareDesignDemoApp;
				PRODUCT_NAME = "$(TARGET_NAME)";
				SWIFT_VERSION = 3.0;
			};
			name = Debug;
		};
		F4D929A71F0E36E5008EFA02 /* Release */ = {
			isa = XCBuildConfiguration;
			buildSettings = {
				ASSETCATALOG_COMPILER_APPICON_NAME = AppIcon;
				DEVELOPMENT_TEAM = KQZFZQ7XSQ;
				INFOPLIST_FILE = CareDesignDemoApp/Info.plist;
				LD_RUNPATH_SEARCH_PATHS = "$(inherited) @executable_path/Frameworks";
				PRODUCT_BUNDLE_IDENTIFIER = Bigyo.CareDesignDemoApp;
				PRODUCT_NAME = "$(TARGET_NAME)";
				SWIFT_VERSION = 3.0;
			};
			name = Release;
		};
/* End XCBuildConfiguration section */

/* Begin XCConfigurationList section */
		F4D9298E1F0E36E5008EFA02 /* Build configuration list for PBXProject "CareDesignDemoApp" */ = {
			isa = XCConfigurationList;
			buildConfigurations = (
				F4D929A31F0E36E5008EFA02 /* Debug */,
				F4D929A41F0E36E5008EFA02 /* Release */,
			);
			defaultConfigurationIsVisible = 0;
			defaultConfigurationName = Release;
		};
		F4D929A51F0E36E5008EFA02 /* Build configuration list for PBXNativeTarget "CareDesignDemoApp" */ = {
			isa = XCConfigurationList;
			buildConfigurations = (
				F4D929A61F0E36E5008EFA02 /* Debug */,
				F4D929A71F0E36E5008EFA02 /* Release */,
			);
			defaultConfigurationIsVisible = 0;
			defaultConfigurationName = Release;
		};
/* End XCConfigurationList section */
	};
	rootObject = F4D9298B1F0E36E5008EFA02 /* Project object */;
}
